// !$*UTF8*$!
{
	archiveVersion = 1;
	classes = {
	};
	objectVersion = 46;
	objects = {

/* Begin PBXBuildFile section */
		D0E2E5211B8EC23F001D82FA /* main.m in Sources */ = {isa = PBXBuildFile; fileRef = D0E2E5201B8EC23F001D82FA /* main.m */; };
		D0E2E5241B8EC23F001D82FA /* AppDelegate.m in Sources */ = {isa = PBXBuildFile; fileRef = D0E2E5231B8EC23F001D82FA /* AppDelegate.m */; };
		D0E2E5271B8EC23F001D82FA /* ViewController.m in Sources */ = {isa = PBXBuildFile; fileRef = D0E2E5261B8EC23F001D82FA /* ViewController.m */; };
		D0E2E52A1B8EC23F001D82FA /* Main.storyboard in Resources */ = {isa = PBXBuildFile; fileRef = D0E2E5281B8EC23F001D82FA /* Main.storyboard */; };
		D0E2E52C1B8EC23F001D82FA /* Images.xcassets in Resources */ = {isa = PBXBuildFile; fileRef = D0E2E52B1B8EC23F001D82FA /* Images.xcassets */; };
		D0E2E52F1B8EC23F001D82FA /* LaunchScreen.xib in Resources */ = {isa = PBXBuildFile; fileRef = D0E2E52D1B8EC23F001D82FA /* LaunchScreen.xib */; };
		D0E2E53B1B8EC23F001D82FA /* ColorWheelTests.m in Sources */ = {isa = PBXBuildFile; fileRef = D0E2E53A1B8EC23F001D82FA /* ColorWheelTests.m */; };
		D0E2E5471B8EC258001D82FA /* ISColorWheel.m in Sources */ = {isa = PBXBuildFile; fileRef = D0E2E5461B8EC258001D82FA /* ISColorWheel.m */; };
/* End PBXBuildFile section */

/* Begin PBXContainerItemProxy section */
		D0E2E5351B8EC23F001D82FA /* PBXContainerItemProxy */ = {
			isa = PBXContainerItemProxy;
			containerPortal = D0E2E5131B8EC23F001D82FA /* Project object */;
			proxyType = 1;
			remoteGlobalIDString = D0E2E51A1B8EC23F001D82FA;
			remoteInfo = ColorWheel;
		};
/* End PBXContainerItemProxy section */

/* Begin PBXFileReference section */
		D0E2E51B1B8EC23F001D82FA /* ColorWheel.app */ = {isa = PBXFileReference; explicitFileType = wrapper.application; includeInIndex = 0; path = ColorWheel.app; sourceTree = BUILT_PRODUCTS_DIR; };
		D0E2E51F1B8EC23F001D82FA /* Info.plist */ = {isa = PBXFileReference; lastKnownFileType = text.plist.xml; path = Info.plist; sourceTree = "<group>"; };
		D0E2E5201B8EC23F001D82FA /* main.m */ = {isa = PBXFileReference; lastKnownFileType = sourcecode.c.objc; path = main.m; sourceTree = "<group>"; };
		D0E2E5221B8EC23F001D82FA /* AppDelegate.h */ = {isa = PBXFileReference; lastKnownFileType = sourcecode.c.h; path = AppDelegate.h; sourceTree = "<group>"; };
		D0E2E5231B8EC23F001D82FA /* AppDelegate.m */ = {isa = PBXFileReference; lastKnownFileType = sourcecode.c.objc; path = AppDelegate.m; sourceTree = "<group>"; };
		D0E2E5251B8EC23F001D82FA /* ViewController.h */ = {isa = PBXFileReference; lastKnownFileType = sourcecode.c.h; path = ViewController.h; sourceTree = "<group>"; };
		D0E2E5261B8EC23F001D82FA /* ViewController.m */ = {isa = PBXFileReference; lastKnownFileType = sourcecode.c.objc; path = ViewController.m; sourceTree = "<group>"; };
		D0E2E5291B8EC23F001D82FA /* Base */ = {isa = PBXFileReference; lastKnownFileType = file.storyboard; name = Base; path = Base.lproj/Main.storyboard; sourceTree = "<group>"; };
		D0E2E52B1B8EC23F001D82FA /* Images.xcassets */ = {isa = PBXFileReference; lastKnownFileType = folder.assetcatalog; path = Images.xcassets; sourceTree = "<group>"; };
		D0E2E52E1B8EC23F001D82FA /* Base */ = {isa = PBXFileReference; lastKnownFileType = file.xib; name = Base; path = Base.lproj/LaunchScreen.xib; sourceTree = "<group>"; };
		D0E2E5341B8EC23F001D82FA /* ColorWheelTests.xctest */ = {isa = PBXFileReference; explicitFileType = wrapper.cfbundle; includeInIndex = 0; path = ColorWheelTests.xctest; sourceTree = BUILT_PRODUCTS_DIR; };
		D0E2E5391B8EC23F001D82FA /* Info.plist */ = {isa = PBXFileReference; lastKnownFileType = text.plist.xml; path = Info.plist; sourceTree = "<group>"; };
		D0E2E53A1B8EC23F001D82FA /* ColorWheelTests.m */ = {isa = PBXFileReference; lastKnownFileType = sourcecode.c.objc; path = ColorWheelTests.m; sourceTree = "<group>"; };
		D0E2E5451B8EC258001D82FA /* ISColorWheel.h */ = {isa = PBXFileReference; fileEncoding = 4; lastKnownFileType = sourcecode.c.h; path = ISColorWheel.h; sourceTree = "<group>"; };
		D0E2E5461B8EC258001D82FA /* ISColorWheel.m */ = {isa = PBXFileReference; fileEncoding = 4; lastKnownFileType = sourcecode.c.objc; path = ISColorWheel.m; sourceTree = "<group>"; };
/* End PBXFileReference section */

/* Begin PBXFrameworksBuildPhase section */
		D0E2E5181B8EC23F001D82FA /* Frameworks */ = {
			isa = PBXFrameworksBuildPhase;
			buildActionMask = 2147483647;
			files = (
			);
			runOnlyForDeploymentPostprocessing = 0;
		};
		D0E2E5311B8EC23F001D82FA /* Frameworks */ = {
			isa = PBXFrameworksBuildPhase;
			buildActionMask = 2147483647;
			files = (
			);
			runOnlyForDeploymentPostprocessing = 0;
		};
/* End PBXFrameworksBuildPhase section */

/* Begin PBXGroup section */
		D0E2E5121B8EC23F001D82FA = {
			isa = PBXGroup;
			children = (
				D0E2E51D1B8EC23F001D82FA /* ColorWheel */,
				D0E2E5371B8EC23F001D82FA /* ColorWheelTests */,
				D0E2E51C1B8EC23F001D82FA /* Products */,
			);
			sourceTree = "<group>";
		};
		D0E2E51C1B8EC23F001D82FA /* Products */ = {
			isa = PBXGroup;
			children = (
				D0E2E51B1B8EC23F001D82FA /* ColorWheel.app */,
				D0E2E5341B8EC23F001D82FA /* ColorWheelTests.xctest */,
			);
			name = Products;
			sourceTree = "<group>";
		};
		D0E2E51D1B8EC23F001D82FA /* ColorWheel */ = {
			isa = PBXGroup;
			children = (
				D0E2E5441B8EC258001D82FA /* ColorWheel */,
				D0E2E5221B8EC23F001D82FA /* AppDelegate.h */,
				D0E2E5231B8EC23F001D82FA /* AppDelegate.m */,
				D0E2E5251B8EC23F001D82FA /* ViewController.h */,
				D0E2E5261B8EC23F001D82FA /* ViewController.m */,
				D0E2E5281B8EC23F001D82FA /* Main.storyboard */,
				D0E2E52B1B8EC23F001D82FA /* Images.xcassets */,
				D0E2E52D1B8EC23F001D82FA /* LaunchScreen.xib */,
				D0E2E51E1B8EC23F001D82FA /* Supporting Files */,
			);
			path = ColorWheel;
			sourceTree = "<group>";
		};
		D0E2E51E1B8EC23F001D82FA /* Supporting Files */ = {
			isa = PBXGroup;
			children = (
				D0E2E51F1B8EC23F001D82FA /* Info.plist */,
				D0E2E5201B8EC23F001D82FA /* main.m */,
			);
			name = "Supporting Files";
			sourceTree = "<group>";
		};
		D0E2E5371B8EC23F001D82FA /* ColorWheelTests */ = {
			isa = PBXGroup;
			children = (
				D0E2E53A1B8EC23F001D82FA /* ColorWheelTests.m */,
				D0E2E5381B8EC23F001D82FA /* Supporting Files */,
			);
			path = ColorWheelTests;
			sourceTree = "<group>";
		};
		D0E2E5381B8EC23F001D82FA /* Supporting Files */ = {
			isa = PBXGroup;
			children = (
				D0E2E5391B8EC23F001D82FA /* Info.plist */,
			);
			name = "Supporting Files";
			sourceTree = "<group>";
		};
		D0E2E5441B8EC258001D82FA /* ColorWheel */ = {
			isa = PBXGroup;
			children = (
				D0E2E5451B8EC258001D82FA /* ISColorWheel.h */,
				D0E2E5461B8EC258001D82FA /* ISColorWheel.m */,
			);
			name = ColorWheel;
			path = ../../../source;
			sourceTree = "<group>";
		};
/* End PBXGroup section */

/* Begin PBXNativeTarget section */
		D0E2E51A1B8EC23F001D82FA /* ColorWheel */ = {
			isa = PBXNativeTarget;
			buildConfigurationList = D0E2E53E1B8EC23F001D82FA /* Build configuration list for PBXNativeTarget "ColorWheel" */;
			buildPhases = (
				D0E2E5171B8EC23F001D82FA /* Sources */,
				D0E2E5181B8EC23F001D82FA /* Frameworks */,
				D0E2E5191B8EC23F001D82FA /* Resources */,
			);
			buildRules = (
			);
			dependencies = (
			);
			name = ColorWheel;
			productName = ColorWheel;
			productReference = D0E2E51B1B8EC23F001D82FA /* ColorWheel.app */;
			productType = "com.apple.product-type.application";
		};
		D0E2E5331B8EC23F001D82FA /* ColorWheelTests */ = {
			isa = PBXNativeTarget;
			buildConfigurationList = D0E2E5411B8EC23F001D82FA /* Build configuration list for PBXNativeTarget "ColorWheelTests" */;
			buildPhases = (
				D0E2E5301B8EC23F001D82FA /* Sources */,
				D0E2E5311B8EC23F001D82FA /* Frameworks */,
				D0E2E5321B8EC23F001D82FA /* Resources */,
			);
			buildRules = (
			);
			dependencies = (
				D0E2E5361B8EC23F001D82FA /* PBXTargetDependency */,
			);
			name = ColorWheelTests;
			productName = ColorWheelTests;
			productReference = D0E2E5341B8EC23F001D82FA /* ColorWheelTests.xctest */;
			productType = "com.apple.product-type.bundle.unit-test";
		};
/* End PBXNativeTarget section */

/* Begin PBXProject section */
		D0E2E5131B8EC23F001D82FA /* Project object */ = {
			isa = PBXProject;
			attributes = {
				LastUpgradeCheck = 0640;
				ORGANIZATIONNAME = "Justin Meiners";
				TargetAttributes = {
					D0E2E51A1B8EC23F001D82FA = {
						CreatedOnToolsVersion = 6.4;
					};
					D0E2E5331B8EC23F001D82FA = {
						CreatedOnToolsVersion = 6.4;
						TestTargetID = D0E2E51A1B8EC23F001D82FA;
					};
				};
			};
			buildConfigurationList = D0E2E5161B8EC23F001D82FA /* Build configuration list for PBXProject "ColorWheel" */;
			compatibilityVersion = "Xcode 3.2";
			developmentRegion = English;
			hasScannedForEncodings = 0;
			knownRegions = (
				en,
				Base,
			);
			mainGroup = D0E2E5121B8EC23F001D82FA;
			productRefGroup = D0E2E51C1B8EC23F001D82FA /* Products */;
			projectDirPath = "";
			projectRoot = "";
			targets = (
				D0E2E51A1B8EC23F001D82FA /* ColorWheel */,
				D0E2E5331B8EC23F001D82FA /* ColorWheelTests */,
			);
		};
/* End PBXProject section */

/* Begin PBXResourcesBuildPhase section */
		D0E2E5191B8EC23F001D82FA /* Resources */ = {
			isa = PBXResourcesBuildPhase;
			buildActionMask = 2147483647;
			files = (
				D0E2E52A1B8EC23F001D82FA /* Main.storyboard in Resources */,
				D0E2E52F1B8EC23F001D82FA /* LaunchScreen.xib in Resources */,
				D0E2E52C1B8EC23F001D82FA /* Images.xcassets in Resources */,
			);
			runOnlyForDeploymentPostprocessing = 0;
		};
		D0E2E5321B8EC23F001D82FA /* Resources */ = {
			isa = PBXResourcesBuildPhase;
			buildActionMask = 2147483647;
			files = (
			);
			runOnlyForDeploymentPostprocessing = 0;
		};
/* End PBXResourcesBuildPhase section */

/* Begin PBXSourcesBuildPhase section */
		D0E2E5171B8EC23F001D82FA /* Sources */ = {
			isa = PBXSourcesBuildPhase;
			buildActionMask = 2147483647;
			files = (
				D0E2E5271B8EC23F001D82FA /* ViewController.m in Sources */,
				D0E2E5471B8EC258001D82FA /* ISColorWheel.m in Sources */,
				D0E2E5241B8EC23F001D82FA /* AppDelegate.m in Sources */,
				D0E2E5211B8EC23F001D82FA /* main.m in Sources */,
			);
			runOnlyForDeploymentPostprocessing = 0;
		};
		D0E2E5301B8EC23F001D82FA /* Sources */ = {
			isa = PBXSourcesBuildPhase;
			buildActionMask = 2147483647;
			files = (
				D0E2E53B1B8EC23F001D82FA /* ColorWheelTests.m in Sources */,
			);
			runOnlyForDeploymentPostprocessing = 0;
		};
/* End PBXSourcesBuildPhase section */

/* Begin PBXTargetDependency section */
		D0E2E5361B8EC23F001D82FA /* PBXTargetDependency */ = {
			isa = PBXTargetDependency;
			target = D0E2E51A1B8EC23F001D82FA /* ColorWheel */;
			targetProxy = D0E2E5351B8EC23F001D82FA /* PBXContainerItemProxy */;
		};
/* End PBXTargetDependency section */

/* Begin PBXVariantGroup section */
		D0E2E5281B8EC23F001D82FA /* Main.storyboard */ = {
			isa = PBXVariantGroup;
			children = (
				D0E2E5291B8EC23F001D82FA /* Base */,
			);
			name = Main.storyboard;
			sourceTree = "<group>";
		};
		D0E2E52D1B8EC23F001D82FA /* LaunchScreen.xib */ = {
			isa = PBXVariantGroup;
			children = (
				D0E2E52E1B8EC23F001D82FA /* Base */,
			);
			name = LaunchScreen.xib;
			sourceTree = "<group>";
		};
/* End PBXVariantGroup section */

/* Begin XCBuildConfiguration section */
		D0E2E53C1B8EC23F001D82FA /* Debug */ = {
			isa = XCBuildConfiguration;
			buildSettings = {
				ALWAYS_SEARCH_USER_PATHS = NO;
				CLANG_CXX_LANGUAGE_STANDARD = "gnu++0x";
				CLANG_CXX_LIBRARY = "libc++";
				CLANG_ENABLE_MODULES = YES;
				CLANG_ENABLE_OBJC_ARC = YES;
				CLANG_WARN_BOOL_CONVERSION = YES;
				CLANG_WARN_CONSTANT_CONVERSION = YES;
				CLANG_WARN_DIRECT_OBJC_ISA_USAGE = YES_ERROR;
				CLANG_WARN_EMPTY_BODY = YES;
				CLANG_WARN_ENUM_CONVERSION = YES;
				CLANG_WARN_INT_CONVERSION = YES;
				CLANG_WARN_OBJC_ROOT_CLASS = YES_ERROR;
				CLANG_WARN_UNREACHABLE_CODE = YES;
				CLANG_WARN__DUPLICATE_METHOD_MATCH = YES;
				"CODE_SIGN_IDENTITY[sdk=iphoneos*]" = "iPhone Developer";
				COPY_PHASE_STRIP = NO;
				DEBUG_INFORMATION_FORMAT = "dwarf-with-dsym";
				ENABLE_STRICT_OBJC_MSGSEND = YES;
				GCC_C_LANGUAGE_STANDARD = gnu99;
				GCC_DYNAMIC_NO_PIC = NO;
				GCC_NO_COMMON_BLOCKS = YES;
				GCC_OPTIMIZATION_LEVEL = 0;
				GCC_PREPROCESSOR_DEFINITIONS = (
					"DEBUG=1",
					"$(inherited)",
				);
				GCC_SYMBOLS_PRIVATE_EXTERN = NO;
				GCC_WARN_64_TO_32_BIT_CONVERSION = YES;
				GCC_WARN_ABOUT_RETURN_TYPE = YES_ERROR;
				GCC_WARN_UNDECLARED_SELECTOR = YES;
				GCC_WARN_UNINITIALIZED_AUTOS = YES_AGGRESSIVE;
				GCC_WARN_UNUSED_FUNCTION = YES;
				GCC_WARN_UNUSED_VARIABLE = YES;
				IPHONEOS_DEPLOYMENT_TARGET = 8.4;
				MTL_ENABLE_DEBUG_INFO = YES;
				ONLY_ACTIVE_ARCH = YES;
				SDKROOT = iphoneos;
				TARGETED_DEVICE_FAMILY = "1,2";
			};
			name = Debug;
		};
		D0E2E53D1B8EC23F001D82FA /* Release */ = {
			isa = XCBuildConfiguration;
			buildSettings = {
				ALWAYS_SEARCH_USER_PATHS = NO;
				CLANG_CXX_LANGUAGE_STANDARD = "gnu++0x";
				CLANG_CXX_LIBRARY = "libc++";
				CLANG_ENABLE_MODULES = YES;
				CLANG_ENABLE_OBJC_ARC = YES;
				CLANG_WARN_BOOL_CONVERSION = YES;
				CLANG_WARN_CONSTANT_CONVERSION = YES;
				CLANG_WARN_DIRECT_OBJC_ISA_USAGE = YES_ERROR;
				CLANG_WARN_EMPTY_BODY = YES;
				CLANG_WARN_ENUM_CONVERSION = YES;
				CLANG_WARN_INT_CONVERSION = YES;
				CLANG_WARN_OBJC_ROOT_CLASS = YES_ERROR;
				CLANG_WARN_UNREACHABLE_CODE = YES;
				CLANG_WARN__DUPLICATE_METHOD_MATCH = YES;
				"CODE_SIGN_IDENTITY[sdk=iphoneos*]" = "iPhone Developer";
				COPY_PHASE_STRIP = NO;
				DEBUG_INFORMATION_FORMAT = "dwarf-with-dsym";
				ENABLE_NS_ASSERTIONS = NO;
				ENABLE_STRICT_OBJC_MSGSEND = YES;
				GCC_C_LANGUAGE_STANDARD = gnu99;
				GCC_NO_COMMON_BLOCKS = YES;
				GCC_WARN_64_TO_32_BIT_CONVERSION = YES;
				GCC_WARN_ABOUT_RETURN_TYPE = YES_ERROR;
				GCC_WARN_UNDECLARED_SELECTOR = YES;
				GCC_WARN_UNINITIALIZED_AUTOS = YES_AGGRESSIVE;
				GCC_WARN_UNUSED_FUNCTION = YES;
				GCC_WARN_UNUSED_VARIABLE = YES;
				IPHONEOS_DEPLOYMENT_TARGET = 8.4;
				MTL_ENABLE_DEBUG_INFO = NO;
				SDKROOT = iphoneos;
				TARGETED_DEVICE_FAMILY = "1,2";
				VALIDATE_PRODUCT = YES;
			};
			name = Release;
		};
		D0E2E53F1B8EC23F001D82FA /* Debug */ = {
			isa = XCBuildConfiguration;
			buildSettings = {
				ASSETCATALOG_COMPILER_APPICON_NAME = AppIcon;
				INFOPLIST_FILE = ColorWheel/Info.plist;
				LD_RUNPATH_SEARCH_PATHS = "$(inherited) @executable_path/Frameworks";
				PRODUCT_NAME = "$(TARGET_NAME)";
			};
			name = Debug;
		};
		D0E2E5401B8EC23F001D82FA /* Release */ = {
			isa = XCBuildConfiguration;
			buildSettings = {
				ASSETCATALOG_COMPILER_APPICON_NAME = AppIcon;
				INFOPLIST_FILE = ColorWheel/Info.plist;
				LD_RUNPATH_SEARCH_PATHS = "$(inherited) @executable_path/Frameworks";
				PRODUCT_NAME = "$(TARGET_NAME)";
			};
			name = Release;
		};
		D0E2E5421B8EC23F001D82FA /* Debug */ = {
			isa = XCBuildConfiguration;
			buildSettings = {
				BUNDLE_LOADER = "$(TEST_HOST)";
				FRAMEWORK_SEARCH_PATHS = (
					"$(SDKROOT)/Developer/Library/Frameworks",
					"$(inherited)",
				);
				GCC_PREPROCESSOR_DEFINITIONS = (
					"DEBUG=1",
					"$(inherited)",
				);
				INFOPLIST_FILE = ColorWheelTests/Info.plist;
				LD_RUNPATH_SEARCH_PATHS = "$(inherited) @executable_path/Frameworks @loader_path/Frameworks";
				PRODUCT_NAME = "$(TARGET_NAME)";
				TEST_HOST = "$(BUILT_PRODUCTS_DIR)/ColorWheel.app/ColorWheel";
			};
			name = Debug;
		};
		D0E2E5431B8EC23F001D82FA /* Release */ = {
			isa = XCBuildConfiguration;
			buildSettings = {
				BUNDLE_LOADER = "$(TEST_HOST)";
				FRAMEWORK_SEARCH_PATHS = (
					"$(SDKROOT)/Developer/Library/Frameworks",
					"$(inherited)",
				);
				INFOPLIST_FILE = ColorWheelTests/Info.plist;
				LD_RUNPATH_SEARCH_PATHS = "$(inherited) @executable_path/Frameworks @loader_path/Frameworks";
				PRODUCT_NAME = "$(TARGET_NAME)";
				TEST_HOST = "$(BUILT_PRODUCTS_DIR)/ColorWheel.app/ColorWheel";
			};
			name = Release;
		};
/* End XCBuildConfiguration section */

/* Begin XCConfigurationList section */
		D0E2E5161B8EC23F001D82FA /* Build configuration list for PBXProject "ColorWheel" */ = {
			isa = XCConfigurationList;
			buildConfigurations = (
				D0E2E53C1B8EC23F001D82FA /* Debug */,
				D0E2E53D1B8EC23F001D82FA /* Release */,
			);
			defaultConfigurationIsVisible = 0;
			defaultConfigurationName = Release;
		};
		D0E2E53E1B8EC23F001D82FA /* Build configuration list for PBXNativeTarget "ColorWheel" */ = {
			isa = XCConfigurationList;
			buildConfigurations = (
				D0E2E53F1B8EC23F001D82FA /* Debug */,
				D0E2E5401B8EC23F001D82FA /* Release */,
			);
			defaultConfigurationIsVisible = 0;
		};
		D0E2E5411B8EC23F001D82FA /* Build configuration list for PBXNativeTarget "ColorWheelTests" */ = {
			isa = XCConfigurationList;
			buildConfigurations = (
				D0E2E5421B8EC23F001D82FA /* Debug */,
				D0E2E5431B8EC23F001D82FA /* Release */,
			);
			defaultConfigurationIsVisible = 0;
		};
/* End XCConfigurationList section */
	};
	rootObject = D0E2E5131B8EC23F001D82FA /* Project object */;
}
