// !$*UTF8*$!
{
	archiveVersion = 1;
	classes = {
	};
	objectVersion = 46;
	objects = {

/* Begin PBXBuildFile section */
		F47929A515D6D2B600B71086 /* UIKit.framework in Frameworks */ = {isa = PBXBuildFile; fileRef = F47929A415D6D2B600B71086 /* UIKit.framework */; };
		F47929A715D6D2B600B71086 /* Foundation.framework in Frameworks */ = {isa = PBXBuildFile; fileRef = F47929A615D6D2B600B71086 /* Foundation.framework */; };
		F47929A915D6D2B600B71086 /* CoreGraphics.framework in Frameworks */ = {isa = PBXBuildFile; fileRef = F47929A815D6D2B600B71086 /* CoreGraphics.framework */; };
		F47929B115D6D2B600B71086 /* main.m in Sources */ = {isa = PBXBuildFile; fileRef = F47929B015D6D2B600B71086 /* main.m */; };
		F47929B515D6D2B600B71086 /* AppDelegate.m in Sources */ = {isa = PBXBuildFile; fileRef = F47929B415D6D2B600B71086 /* AppDelegate.m */; };
		F47929C115D6D31E00B71086 /* MainViewController.m in Sources */ = {isa = PBXBuildFile; fileRef = F47929C015D6D31E00B71086 /* MainViewController.m */; };
		F47929CA15D6D3A700B71086 /* ISColorWheel.m in Sources */ = {isa = PBXBuildFile; fileRef = F47929C915D6D3A700B71086 /* ISColorWheel.m */; };
		F47929CF15D6DF3400B71086 /* QuartzCore.framework in Frameworks */ = {isa = PBXBuildFile; fileRef = F47929CE15D6DF3400B71086 /* QuartzCore.framework */; };
/* End PBXBuildFile section */

/* Begin PBXFileReference section */
		F47929A015D6D2B600B71086 /* ColorWheel.app */ = {isa = PBXFileReference; explicitFileType = wrapper.application; includeInIndex = 0; path = ColorWheel.app; sourceTree = BUILT_PRODUCTS_DIR; };
		F47929A415D6D2B600B71086 /* UIKit.framework */ = {isa = PBXFileReference; lastKnownFileType = wrapper.framework; name = UIKit.framework; path = System/Library/Frameworks/UIKit.framework; sourceTree = SDKROOT; };
		F47929A615D6D2B600B71086 /* Foundation.framework */ = {isa = PBXFileReference; lastKnownFileType = wrapper.framework; name = Foundation.framework; path = System/Library/Frameworks/Foundation.framework; sourceTree = SDKROOT; };
		F47929A815D6D2B600B71086 /* CoreGraphics.framework */ = {isa = PBXFileReference; lastKnownFileType = wrapper.framework; name = CoreGraphics.framework; path = System/Library/Frameworks/CoreGraphics.framework; sourceTree = SDKROOT; };
		F47929AC15D6D2B600B71086 /* ColorWheel-Info.plist */ = {isa = PBXFileReference; lastKnownFileType = text.plist.xml; path = "ColorWheel-Info.plist"; sourceTree = "<group>"; };
		F47929B015D6D2B600B71086 /* main.m */ = {isa = PBXFileReference; lastKnownFileType = sourcecode.c.objc; path = main.m; sourceTree = "<group>"; };
		F47929B215D6D2B600B71086 /* ColorWheel-Prefix.pch */ = {isa = PBXFileReference; lastKnownFileType = sourcecode.c.h; path = "ColorWheel-Prefix.pch"; sourceTree = "<group>"; };
		F47929B315D6D2B600B71086 /* AppDelegate.h */ = {isa = PBXFileReference; lastKnownFileType = sourcecode.c.h; path = AppDelegate.h; sourceTree = "<group>"; };
		F47929B415D6D2B600B71086 /* AppDelegate.m */ = {isa = PBXFileReference; lastKnownFileType = sourcecode.c.objc; path = AppDelegate.m; sourceTree = "<group>"; };
		F47929BF15D6D31E00B71086 /* MainViewController.h */ = {isa = PBXFileReference; fileEncoding = 4; lastKnownFileType = sourcecode.c.h; path = MainViewController.h; sourceTree = "<group>"; };
		F47929C015D6D31E00B71086 /* MainViewController.m */ = {isa = PBXFileReference; fileEncoding = 4; lastKnownFileType = sourcecode.c.objc; path = MainViewController.m; sourceTree = "<group>"; };
		F47929C815D6D3A700B71086 /* ISColorWheel.h */ = {isa = PBXFileReference; fileEncoding = 4; lastKnownFileType = sourcecode.c.h; path = ISColorWheel.h; sourceTree = "<group>"; };
		F47929C915D6D3A700B71086 /* ISColorWheel.m */ = {isa = PBXFileReference; fileEncoding = 4; lastKnownFileType = sourcecode.c.objc; path = ISColorWheel.m; sourceTree = "<group>"; };
		F47929CE15D6DF3400B71086 /* QuartzCore.framework */ = {isa = PBXFileReference; lastKnownFileType = wrapper.framework; name = QuartzCore.framework; path = System/Library/Frameworks/QuartzCore.framework; sourceTree = SDKROOT; };
/* End PBXFileReference section */

/* Begin PBXFrameworksBuildPhase section */
		F479299D15D6D2B600B71086 /* Frameworks */ = {
			isa = PBXFrameworksBuildPhase;
			buildActionMask = 2147483647;
			files = (
				F47929CF15D6DF3400B71086 /* QuartzCore.framework in Frameworks */,
				F47929A515D6D2B600B71086 /* UIKit.framework in Frameworks */,
				F47929A715D6D2B600B71086 /* Foundation.framework in Frameworks */,
				F47929A915D6D2B600B71086 /* CoreGraphics.framework in Frameworks */,
			);
			runOnlyForDeploymentPostprocessing = 0;
		};
/* End PBXFrameworksBuildPhase section */

/* Begin PBXGroup section */
		F479299515D6D2B600B71086 = {
			isa = PBXGroup;
			children = (
				F47929C715D6D3A700B71086 /* Source */,
				F47929AA15D6D2B600B71086 /* ColorWheel */,
				F47929A315D6D2B600B71086 /* Frameworks */,
				F47929A115D6D2B600B71086 /* Products */,
			);
			sourceTree = "<group>";
		};
		F47929A115D6D2B600B71086 /* Products */ = {
			isa = PBXGroup;
			children = (
				F47929A015D6D2B600B71086 /* ColorWheel.app */,
			);
			name = Products;
			sourceTree = "<group>";
		};
		F47929A315D6D2B600B71086 /* Frameworks */ = {
			isa = PBXGroup;
			children = (
				F47929CE15D6DF3400B71086 /* QuartzCore.framework */,
				F47929A415D6D2B600B71086 /* UIKit.framework */,
				F47929A615D6D2B600B71086 /* Foundation.framework */,
				F47929A815D6D2B600B71086 /* CoreGraphics.framework */,
			);
			name = Frameworks;
			sourceTree = "<group>";
		};
		F47929AA15D6D2B600B71086 /* ColorWheel */ = {
			isa = PBXGroup;
			children = (
				F47929B315D6D2B600B71086 /* AppDelegate.h */,
				F47929B415D6D2B600B71086 /* AppDelegate.m */,
				F47929BF15D6D31E00B71086 /* MainViewController.h */,
				F47929C015D6D31E00B71086 /* MainViewController.m */,
				F47929AB15D6D2B600B71086 /* Supporting Files */,
			);
			path = ColorWheel;
			sourceTree = "<group>";
		};
		F47929AB15D6D2B600B71086 /* Supporting Files */ = {
			isa = PBXGroup;
			children = (
				F47929AC15D6D2B600B71086 /* ColorWheel-Info.plist */,
				F47929B015D6D2B600B71086 /* main.m */,
				F47929B215D6D2B600B71086 /* ColorWheel-Prefix.pch */,
			);
			name = "Supporting Files";
			sourceTree = "<group>";
		};
		F47929C715D6D3A700B71086 /* Source */ = {
			isa = PBXGroup;
			children = (
				F47929C815D6D3A700B71086 /* ISColorWheel.h */,
				F47929C915D6D3A700B71086 /* ISColorWheel.m */,
			);
			name = Source;
			path = ../Source;
			sourceTree = "<group>";
		};
/* End PBXGroup section */

/* Begin PBXNativeTarget section */
		F479299F15D6D2B600B71086 /* ColorWheel */ = {
			isa = PBXNativeTarget;
			buildConfigurationList = F47929B815D6D2B600B71086 /* Build configuration list for PBXNativeTarget "ColorWheel" */;
			buildPhases = (
				F479299C15D6D2B600B71086 /* Sources */,
				F479299D15D6D2B600B71086 /* Frameworks */,
				F479299E15D6D2B600B71086 /* Resources */,
			);
			buildRules = (
			);
			dependencies = (
			);
			name = ColorWheel;
			productName = ColorWheel;
			productReference = F47929A015D6D2B600B71086 /* ColorWheel.app */;
			productType = "com.apple.product-type.application";
		};
/* End PBXNativeTarget section */

/* Begin PBXProject section */
		F479299715D6D2B600B71086 /* Project object */ = {
			isa = PBXProject;
			attributes = {
				LastUpgradeCheck = 0440;
				ORGANIZATIONNAME = "Inline Studios";
			};
			buildConfigurationList = F479299A15D6D2B600B71086 /* Build configuration list for PBXProject "ColorWheel" */;
			compatibilityVersion = "Xcode 3.2";
			developmentRegion = English;
			hasScannedForEncodings = 0;
			knownRegions = (
				en,
			);
			mainGroup = F479299515D6D2B600B71086;
			productRefGroup = F47929A115D6D2B600B71086 /* Products */;
			projectDirPath = "";
			projectRoot = "";
			targets = (
				F479299F15D6D2B600B71086 /* ColorWheel */,
			);
		};
/* End PBXProject section */

/* Begin PBXResourcesBuildPhase section */
		F479299E15D6D2B600B71086 /* Resources */ = {
			isa = PBXResourcesBuildPhase;
			buildActionMask = 2147483647;
			files = (
			);
			runOnlyForDeploymentPostprocessing = 0;
		};
/* End PBXResourcesBuildPhase section */

/* Begin PBXSourcesBuildPhase section */
		F479299C15D6D2B600B71086 /* Sources */ = {
			isa = PBXSourcesBuildPhase;
			buildActionMask = 2147483647;
			files = (
				F47929B115D6D2B600B71086 /* main.m in Sources */,
				F47929B515D6D2B600B71086 /* AppDelegate.m in Sources */,
				F47929C115D6D31E00B71086 /* MainViewController.m in Sources */,
				F47929CA15D6D3A700B71086 /* ISColorWheel.m in Sources */,
			);
			runOnlyForDeploymentPostprocessing = 0;
		};
/* End PBXSourcesBuildPhase section */

/* Begin XCBuildConfiguration section */
		F47929B615D6D2B600B71086 /* Debug */ = {
			isa = XCBuildConfiguration;
			buildSettings = {
				ALWAYS_SEARCH_USER_PATHS = NO;
				ARCHS = "$(ARCHS_STANDARD_32_BIT)";
				CLANG_CXX_LANGUAGE_STANDARD = "gnu++0x";
				CLANG_WARN__DUPLICATE_METHOD_MATCH = YES;
				"CODE_SIGN_IDENTITY[sdk=iphoneos*]" = "iPhone Developer";
				COPY_PHASE_STRIP = NO;
				GCC_C_LANGUAGE_STANDARD = gnu99;
				GCC_DYNAMIC_NO_PIC = NO;
				GCC_OPTIMIZATION_LEVEL = 0;
				GCC_PREPROCESSOR_DEFINITIONS = (
					"DEBUG=1",
					"$(inherited)",
				);
				GCC_SYMBOLS_PRIVATE_EXTERN = NO;
				GCC_VERSION = com.apple.compilers.llvm.clang.1_0;
				GCC_WARN_ABOUT_RETURN_TYPE = YES;
				GCC_WARN_UNINITIALIZED_AUTOS = YES;
				GCC_WARN_UNUSED_VARIABLE = YES;
				IPHONEOS_DEPLOYMENT_TARGET = 5.1;
				SDKROOT = iphoneos;
			};
			name = Debug;
		};
		F47929B715D6D2B600B71086 /* Release */ = {
			isa = XCBuildConfiguration;
			buildSettings = {
				ALWAYS_SEARCH_USER_PATHS = NO;
				ARCHS = "$(ARCHS_STANDARD_32_BIT)";
				CLANG_CXX_LANGUAGE_STANDARD = "gnu++0x";
				CLANG_WARN__DUPLICATE_METHOD_MATCH = YES;
				"CODE_SIGN_IDENTITY[sdk=iphoneos*]" = "iPhone Developer";
				COPY_PHASE_STRIP = YES;
				GCC_C_LANGUAGE_STANDARD = gnu99;
				GCC_VERSION = com.apple.compilers.llvm.clang.1_0;
				GCC_WARN_ABOUT_RETURN_TYPE = YES;
				GCC_WARN_UNINITIALIZED_AUTOS = YES;
				GCC_WARN_UNUSED_VARIABLE = YES;
				IPHONEOS_DEPLOYMENT_TARGET = 5.1;
				OTHER_CFLAGS = "-DNS_BLOCK_ASSERTIONS=1";
				SDKROOT = iphoneos;
				VALIDATE_PRODUCT = YES;
			};
			name = Release;
		};
		F47929B915D6D2B600B71086 /* Debug */ = {
			isa = XCBuildConfiguration;
			buildSettings = {
				GCC_PRECOMPILE_PREFIX_HEADER = YES;
				GCC_PREFIX_HEADER = "ColorWheel/ColorWheel-Prefix.pch";
				INFOPLIST_FILE = "ColorWheel/ColorWheel-Info.plist";
				PRODUCT_NAME = "$(TARGET_NAME)";
				WRAPPER_EXTENSION = app;
			};
			name = Debug;
		};
		F47929BA15D6D2B600B71086 /* Release */ = {
			isa = XCBuildConfiguration;
			buildSettings = {
				GCC_PRECOMPILE_PREFIX_HEADER = YES;
				GCC_PREFIX_HEADER = "ColorWheel/ColorWheel-Prefix.pch";
				INFOPLIST_FILE = "ColorWheel/ColorWheel-Info.plist";
				PRODUCT_NAME = "$(TARGET_NAME)";
				WRAPPER_EXTENSION = app;
			};
			name = Release;
		};
/* End XCBuildConfiguration section */

/* Begin XCConfigurationList section */
		F479299A15D6D2B600B71086 /* Build configuration list for PBXProject "ColorWheel" */ = {
			isa = XCConfigurationList;
			buildConfigurations = (
				F47929B615D6D2B600B71086 /* Debug */,
				F47929B715D6D2B600B71086 /* Release */,
			);
			defaultConfigurationIsVisible = 0;
			defaultConfigurationName = Release;
		};
		F47929B815D6D2B600B71086 /* Build configuration list for PBXNativeTarget "ColorWheel" */ = {
			isa = XCConfigurationList;
			buildConfigurations = (
				F47929B915D6D2B600B71086 /* Debug */,
				F47929BA15D6D2B600B71086 /* Release */,
			);
			defaultConfigurationIsVisible = 0;
			defaultConfigurationName = Release;
		};
/* End XCConfigurationList section */
	};
	rootObject = F479299715D6D2B600B71086 /* Project object */;
}
